
Microsoft Visual Studio Solution File, Format Version 12.00
# Visual Studio 2012
Project("{FAE04EC0-301F-11D3-BF4B-00C04F79EFBC}") = "ConfigFactory", "ConfigFactory\ConfigFactory.csproj", "{A242AB03-1034-4BBD-895A-C26247FA5A9E}"
EndProject
Project("{FAE04EC0-301F-11D3-BF4B-00C04F79EFBC}") = "ConfigReader", "ConfigReader\ConfigReader.csproj", "{7120431E-2995-4CDA-9264-88985EFD9A04}"
EndProject
Project("{FAE04EC0-301F-11D3-BF4B-00C04F79EFBC}") = "ConfigReader.Test", "ConfigReader.Test\ConfigReader.Test.csproj", "{5EBABC97-82D4-4D97-AC91-5F99B9672393}"
EndProject
Global
	GlobalSection(SolutionConfigurationPlatforms) = preSolution
		Debug|Any CPU = Debug|Any CPU
		Release|Any CPU = Release|Any CPU
	EndGlobalSection
	GlobalSection(ProjectConfigurationPlatforms) = postSolution
		{A242AB03-1034-4BBD-895A-C26247FA5A9E}.Debug|Any CPU.ActiveCfg = Debug|Any CPU
		{A242AB03-1034-4BBD-895A-C26247FA5A9E}.Debug|Any CPU.Build.0 = Debug|Any CPU
		{A242AB03-1034-4BBD-895A-C26247FA5A9E}.Release|Any CPU.ActiveCfg = Release|Any CPU
		{A242AB03-1034-4BBD-895A-C26247FA5A9E}.Release|Any CPU.Build.0 = Release|Any CPU
		{7120431E-2995-4CDA-9264-88985EFD9A04}.Debug|Any CPU.ActiveCfg = Debug|Any CPU
		{7120431E-2995-4CDA-9264-88985EFD9A04}.Debug|Any CPU.Build.0 = Debug|Any CPU
		{7120431E-2995-4CDA-9264-88985EFD9A04}.Release|Any CPU.ActiveCfg = Release|Any CPU
		{7120431E-2995-4CDA-9264-88985EFD9A04}.Release|Any CPU.Build.0 = Release|Any CPU
		{5EBABC97-82D4-4D97-AC91-5F99B9672393}.Debug|Any CPU.ActiveCfg = Debug|Any CPU
		{5EBABC97-82D4-4D97-AC91-5F99B9672393}.Debug|Any CPU.Build.0 = Debug|Any CPU
		{5EBABC97-82D4-4D97-AC91-5F99B9672393}.Release|Any CPU.ActiveCfg = Release|Any CPU
		{5EBABC97-82D4-4D97-AC91-5F99B9672393}.Release|Any CPU.Build.0 = Release|Any CPU
	EndGlobalSection
	GlobalSection(SolutionProperties) = preSolution
		HideSolutionNode = FALSE
	EndGlobalSection
EndGlobal
